
Microsoft Visual Studio Solution File, Format Version 12.00
# Visual Studio 14
VisualStudioVersion = 14.0.25123.0
MinimumVisualStudioVersion = 10.0.40219.1
Project("{FAE04EC0-301F-11D3-BF4B-00C04F79EFBC}") = "Odn", "Odn\Odn.csproj", "{FCAD3EE5-31DC-4A54-8E32-BDCDAC50A7CE}"
EndProject
Project("{FAE04EC0-301F-11D3-BF4B-00C04F79EFBC}") = "Odn.Web", "Odn.Web\Odn.Web.csproj", "{DEDF8A22-E551-446F-BDD4-0E15050A97E4}"
EndProject
Project("{2150E333-8FDC-42A3-9474-1A3956D46DE8}") = ".git", ".git", "{A119EBB7-0508-48E0-87EB-3DD902F9B999}"
	ProjectSection(SolutionItems) = preProject
		..\.gitattributes = ..\.gitattributes
		..\.gitignore = ..\.gitignore
		..\LICENSE = ..\LICENSE
		..\README.md = ..\README.md
	EndProjectSection
EndProject
Project("{2150E333-8FDC-42A3-9474-1A3956D46DE8}") = "Tests", "Tests", "{BA9D31C8-2634-4E0B-B74A-3B59A4E9FE3D}"
EndProject
Project("{FAE04EC0-301F-11D3-BF4B-00C04F79EFBC}") = "Odn.Tests", "Odn.Tests\Odn.Tests.csproj", "{A8D85188-775C-41EF-8F9D-102B5251EC06}"
EndProject
Project("{FAE04EC0-301F-11D3-BF4B-00C04F79EFBC}") = "Odn.Web.Api", "Odn.Web.Api\Odn.Web.Api.csproj", "{5869DF1E-111D-48BE-A00D-D6861BA90220}"
EndProject
Project("{FAE04EC0-301F-11D3-BF4B-00C04F79EFBC}") = "Odn.Web.Mvc", "Odn.Web.Mvc\Odn.Web.Mvc.csproj", "{3435B5CE-0E7B-40DC-AFD2-34EC25F25E12}"
EndProject
Project("{FAE04EC0-301F-11D3-BF4B-00C04F79EFBC}") = "Odn.Authorizations", "Odn.Authorizations\Odn.Authorizations.csproj", "{145F9321-C00B-4D0B-B8C5-00F78D51C3DE}"
EndProject
Project("{FAE04EC0-301F-11D3-BF4B-00C04F79EFBC}") = "Odn.Dependency.Castle", "Odn.Dependency.Castle\Odn.Dependency.Castle.csproj", "{AA398CE4-32FB-4943-B1B6-B0D3A370F561}"
EndProject
Project("{FAE04EC0-301F-11D3-BF4B-00C04F79EFBC}") = "Odn.Dependency.Autofac", "Odn.Dependency.Autofac\Odn.Dependency.Autofac.csproj", "{D08CEA63-291C-4D4B-B2B9-7371DF0BC832}"
EndProject
Global
	GlobalSection(SolutionConfigurationPlatforms) = preSolution
		Debug|Any CPU = Debug|Any CPU
		Release|Any CPU = Release|Any CPU
	EndGlobalSection
	GlobalSection(ProjectConfigurationPlatforms) = postSolution
		{FCAD3EE5-31DC-4A54-8E32-BDCDAC50A7CE}.Debug|Any CPU.ActiveCfg = Debug|Any CPU
		{FCAD3EE5-31DC-4A54-8E32-BDCDAC50A7CE}.Debug|Any CPU.Build.0 = Debug|Any CPU
		{FCAD3EE5-31DC-4A54-8E32-BDCDAC50A7CE}.Release|Any CPU.ActiveCfg = Release|Any CPU
		{FCAD3EE5-31DC-4A54-8E32-BDCDAC50A7CE}.Release|Any CPU.Build.0 = Release|Any CPU
		{DEDF8A22-E551-446F-BDD4-0E15050A97E4}.Debug|Any CPU.ActiveCfg = Debug|Any CPU
		{DEDF8A22-E551-446F-BDD4-0E15050A97E4}.Debug|Any CPU.Build.0 = Debug|Any CPU
		{DEDF8A22-E551-446F-BDD4-0E15050A97E4}.Release|Any CPU.ActiveCfg = Release|Any CPU
		{DEDF8A22-E551-446F-BDD4-0E15050A97E4}.Release|Any CPU.Build.0 = Release|Any CPU
		{A8D85188-775C-41EF-8F9D-102B5251EC06}.Debug|Any CPU.ActiveCfg = Debug|Any CPU
		{A8D85188-775C-41EF-8F9D-102B5251EC06}.Debug|Any CPU.Build.0 = Debug|Any CPU
		{A8D85188-775C-41EF-8F9D-102B5251EC06}.Release|Any CPU.ActiveCfg = Release|Any CPU
		{A8D85188-775C-41EF-8F9D-102B5251EC06}.Release|Any CPU.Build.0 = Release|Any CPU
		{5869DF1E-111D-48BE-A00D-D6861BA90220}.Debug|Any CPU.ActiveCfg = Debug|Any CPU
		{5869DF1E-111D-48BE-A00D-D6861BA90220}.Debug|Any CPU.Build.0 = Debug|Any CPU
		{5869DF1E-111D-48BE-A00D-D6861BA90220}.Release|Any CPU.ActiveCfg = Release|Any CPU
		{5869DF1E-111D-48BE-A00D-D6861BA90220}.Release|Any CPU.Build.0 = Release|Any CPU
		{3435B5CE-0E7B-40DC-AFD2-34EC25F25E12}.Debug|Any CPU.ActiveCfg = Debug|Any CPU
		{3435B5CE-0E7B-40DC-AFD2-34EC25F25E12}.Debug|Any CPU.Build.0 = Debug|Any CPU
		{3435B5CE-0E7B-40DC-AFD2-34EC25F25E12}.Release|Any CPU.ActiveCfg = Release|Any CPU
		{3435B5CE-0E7B-40DC-AFD2-34EC25F25E12}.Release|Any CPU.Build.0 = Release|Any CPU
		{145F9321-C00B-4D0B-B8C5-00F78D51C3DE}.Debug|Any CPU.ActiveCfg = Debug|Any CPU
		{145F9321-C00B-4D0B-B8C5-00F78D51C3DE}.Debug|Any CPU.Build.0 = Debug|Any CPU
		{145F9321-C00B-4D0B-B8C5-00F78D51C3DE}.Release|Any CPU.ActiveCfg = Release|Any CPU
		{145F9321-C00B-4D0B-B8C5-00F78D51C3DE}.Release|Any CPU.Build.0 = Release|Any CPU
		{AA398CE4-32FB-4943-B1B6-B0D3A370F561}.Debug|Any CPU.ActiveCfg = Debug|Any CPU
		{AA398CE4-32FB-4943-B1B6-B0D3A370F561}.Debug|Any CPU.Build.0 = Debug|Any CPU
		{AA398CE4-32FB-4943-B1B6-B0D3A370F561}.Release|Any CPU.ActiveCfg = Release|Any CPU
		{AA398CE4-32FB-4943-B1B6-B0D3A370F561}.Release|Any CPU.Build.0 = Release|Any CPU
		{D08CEA63-291C-4D4B-B2B9-7371DF0BC832}.Debug|Any CPU.ActiveCfg = Debug|Any CPU
		{D08CEA63-291C-4D4B-B2B9-7371DF0BC832}.Debug|Any CPU.Build.0 = Debug|Any CPU
		{D08CEA63-291C-4D4B-B2B9-7371DF0BC832}.Release|Any CPU.ActiveCfg = Release|Any CPU
		{D08CEA63-291C-4D4B-B2B9-7371DF0BC832}.Release|Any CPU.Build.0 = Release|Any CPU
	EndGlobalSection
	GlobalSection(SolutionProperties) = preSolution
		HideSolutionNode = FALSE
	EndGlobalSection
	GlobalSection(NestedProjects) = preSolution
		{A8D85188-775C-41EF-8F9D-102B5251EC06} = {BA9D31C8-2634-4E0B-B74A-3B59A4E9FE3D}
	EndGlobalSection
EndGlobal
